// !$*UTF8*$!
{
	archiveVersion = 1;
	classes = {
	};
	objectVersion = 46;
	objects = {

/* Begin PBXBuildFile section */
		12C3D62C197D2EA5007CD6D6 /* FMResponseFactory.m in Sources */ = {isa = PBXBuildFile; fileRef = 12C3D62B197D2EA5007CD6D6 /* FMResponseFactory.m */; };
		12C3D62F197D31A7007CD6D6 /* FMRequestExecutor.m in Sources */ = {isa = PBXBuildFile; fileRef = 12C3D62E197D31A7007CD6D6 /* FMRequestExecutor.m */; };
		30395753194D9BFC00D76121 /* FMUIPlayer.m in Sources */ = {isa = PBXBuildFile; fileRef = 30395752194D9BFC00D76121 /* FMUIPlayer.m */; };
		30395758194D9E6E00D76121 /* FMPlayerViewController.m in Sources */ = {isa = PBXBuildFile; fileRef = 30395756194D9E6E00D76121 /* FMPlayerViewController.m */; };
		30395759194D9E6E00D76121 /* FMPlayerViewController.xib in Resources */ = {isa = PBXBuildFile; fileRef = 30395757194D9E6E00D76121 /* FMPlayerViewController.xib */; };
		303C5AB31952C2FD00932C66 /* FMTabbarViewController.m in Sources */ = {isa = PBXBuildFile; fileRef = 303C5AB11952C2FD00932C66 /* FMTabbarViewController.m */; };
		303C5AB41952C2FD00932C66 /* FMTabbarViewController.xib in Resources */ = {isa = PBXBuildFile; fileRef = 303C5AB21952C2FD00932C66 /* FMTabbarViewController.xib */; };
		303C5AB81952C34A00932C66 /* FMChannelViewController.m in Sources */ = {isa = PBXBuildFile; fileRef = 303C5AB61952C34900932C66 /* FMChannelViewController.m */; };
		303C5AB91952C34A00932C66 /* FMChannelViewController.xib in Resources */ = {isa = PBXBuildFile; fileRef = 303C5AB71952C34A00932C66 /* FMChannelViewController.xib */; };
		304B4B631954695F00B24834 /* FMTimeFormateHelper.m in Sources */ = {isa = PBXBuildFile; fileRef = 304B4B621954695F00B24834 /* FMTimeFormateHelper.m */; };
		3083FC1919559ED0006D6FAA /* FMNotifications.m in Sources */ = {isa = PBXBuildFile; fileRef = 3083FC1819559ED0006D6FAA /* FMNotifications.m */; };
		3083FC1D1955A8E7006D6FAA /* FMUserCenterController.m in Sources */ = {isa = PBXBuildFile; fileRef = 3083FC1B1955A8E7006D6FAA /* FMUserCenterController.m */; };
		3083FC1E1955A8E7006D6FAA /* FMUserCenterController.xib in Resources */ = {isa = PBXBuildFile; fileRef = 3083FC1C1955A8E7006D6FAA /* FMUserCenterController.xib */; };
		3083FC211955AE39006D6FAA /* FMUserCenter.m in Sources */ = {isa = PBXBuildFile; fileRef = 3083FC201955AE39006D6FAA /* FMUserCenter.m */; };
		30B5E0231955358300904BB0 /* FMChannelCell.m in Sources */ = {isa = PBXBuildFile; fileRef = 30B5E0211955358300904BB0 /* FMChannelCell.m */; };
		30B5E0241955358300904BB0 /* FMChannelCell.xib in Resources */ = {isa = PBXBuildFile; fileRef = 30B5E0221955358300904BB0 /* FMChannelCell.xib */; };
		30B8CD5E19371E7A002AD29A /* FMApiRequestSongInfo.m in Sources */ = {isa = PBXBuildFile; fileRef = 30B8CD5D19371E7A002AD29A /* FMApiRequestSongInfo.m */; };
		30C9EB7E1932EFD200AFFA38 /* FMApiRequest.m in Sources */ = {isa = PBXBuildFile; fileRef = 30C9EB7D1932EFD200AFFA38 /* FMApiRequest.m */; };
		30C9EB831932F2BE00AFFA38 /* FMApiResponse.m in Sources */ = {isa = PBXBuildFile; fileRef = 30C9EB821932F2BE00AFFA38 /* FMApiResponse.m */; };
		30C9EB861932FFD500AFFA38 /* FMApiResponseSong.m in Sources */ = {isa = PBXBuildFile; fileRef = 30C9EB851932FFD500AFFA38 /* FMApiResponseSong.m */; };
		30C9EB891932FFED00AFFA38 /* FMApiResponseUser.m in Sources */ = {isa = PBXBuildFile; fileRef = 30C9EB881932FFED00AFFA38 /* FMApiResponseUser.m */; };
		30C9EB8C1933000800AFFA38 /* FMApiResponseChannel.m in Sources */ = {isa = PBXBuildFile; fileRef = 30C9EB8B1933000800AFFA38 /* FMApiResponseChannel.m */; };
		30C9EB8F1933019300AFFA38 /* FMApiRequestSong.m in Sources */ = {isa = PBXBuildFile; fileRef = 30C9EB8E1933019300AFFA38 /* FMApiRequestSong.m */; };
		30C9EB92193301AB00AFFA38 /* FMApiRequestUser.m in Sources */ = {isa = PBXBuildFile; fileRef = 30C9EB91193301AB00AFFA38 /* FMApiRequestUser.m */; };
		30C9EB95193301C900AFFA38 /* FMApiRequestChannel.m in Sources */ = {isa = PBXBuildFile; fileRef = 30C9EB94193301C900AFFA38 /* FMApiRequestChannel.m */; };
		30C9EB991933036E00AFFA38 /* FMEntity.m in Sources */ = {isa = PBXBuildFile; fileRef = 30C9EB981933036E00AFFA38 /* FMEntity.m */; };
		30C9EB9C1933038300AFFA38 /* FMUser.m in Sources */ = {isa = PBXBuildFile; fileRef = 30C9EB9B1933038300AFFA38 /* FMUser.m */; };
		30C9EB9F193303B400AFFA38 /* FMSong.m in Sources */ = {isa = PBXBuildFile; fileRef = 30C9EB9E193303B400AFFA38 /* FMSong.m */; };
		30C9EBA2193303C500AFFA38 /* FMChannel.m in Sources */ = {isa = PBXBuildFile; fileRef = 30C9EBA1193303C500AFFA38 /* FMChannel.m */; };
		30D9B6FA19387DA40074BE50 /* FMPlayer.m in Sources */ = {isa = PBXBuildFile; fileRef = 30D9B6F919387DA40074BE50 /* FMPlayer.m */; };
		30D9B6FC19387DB80074BE50 /* AVFoundation.framework in Frameworks */ = {isa = PBXBuildFile; fileRef = 30D9B6FB19387DB80074BE50 /* AVFoundation.framework */; settings = {ATTRIBUTES = (Required, ); }; };
		30E80DF91931D5BE001E334B /* Foundation.framework in Frameworks */ = {isa = PBXBuildFile; fileRef = 30E80DF81931D5BE001E334B /* Foundation.framework */; };
		30E80DFB1931D5BE001E334B /* CoreGraphics.framework in Frameworks */ = {isa = PBXBuildFile; fileRef = 30E80DFA1931D5BE001E334B /* CoreGraphics.framework */; };
		30E80DFD1931D5BE001E334B /* UIKit.framework in Frameworks */ = {isa = PBXBuildFile; fileRef = 30E80DFC1931D5BE001E334B /* UIKit.framework */; };
		30E80E031931D5BE001E334B /* InfoPlist.strings in Resources */ = {isa = PBXBuildFile; fileRef = 30E80E011931D5BE001E334B /* InfoPlist.strings */; };
		30E80E051931D5BE001E334B /* main.m in Sources */ = {isa = PBXBuildFile; fileRef = 30E80E041931D5BE001E334B /* main.m */; };
		30E80E091931D5BE001E334B /* FMAppDelegate.m in Sources */ = {isa = PBXBuildFile; fileRef = 30E80E081931D5BE001E334B /* FMAppDelegate.m */; };
		30E80E0B1931D5BE001E334B /* Images.xcassets in Resources */ = {isa = PBXBuildFile; fileRef = 30E80E0A1931D5BE001E334B /* Images.xcassets */; };
		30E80E121931D5BE001E334B /* XCTest.framework in Frameworks */ = {isa = PBXBuildFile; fileRef = 30E80E111931D5BE001E334B /* XCTest.framework */; };
		30E80E131931D5BE001E334B /* Foundation.framework in Frameworks */ = {isa = PBXBuildFile; fileRef = 30E80DF81931D5BE001E334B /* Foundation.framework */; };
		30E80E141931D5BE001E334B /* UIKit.framework in Frameworks */ = {isa = PBXBuildFile; fileRef = 30E80DFC1931D5BE001E334B /* UIKit.framework */; };
		30E80E1C1931D5BE001E334B /* InfoPlist.strings in Resources */ = {isa = PBXBuildFile; fileRef = 30E80E1A1931D5BE001E334B /* InfoPlist.strings */; };
		30E80E1E1931D5BE001E334B /* DoubanFMTests.m in Sources */ = {isa = PBXBuildFile; fileRef = 30E80E1D1931D5BE001E334B /* DoubanFMTests.m */; };
		30E80E2F1931D7A9001E334B /* FMHttpClient.m in Sources */ = {isa = PBXBuildFile; fileRef = 30E80E2E1931D7A9001E334B /* FMHttpClient.m */; };
/* End PBXBuildFile section */

/* Begin PBXContainerItemProxy section */
		30E80E151931D5BE001E334B /* PBXContainerItemProxy */ = {
			isa = PBXContainerItemProxy;
			containerPortal = 30E80DED1931D5BE001E334B /* Project object */;
			proxyType = 1;
			remoteGlobalIDString = 30E80DF41931D5BE001E334B;
			remoteInfo = DoubanFM;
		};
/* End PBXContainerItemProxy section */

/* Begin PBXFileReference section */
		12C3D629197D2B58007CD6D6 /* FMRequestType.h */ = {isa = PBXFileReference; lastKnownFileType = sourcecode.c.h; path = FMRequestType.h; sourceTree = "<group>"; };
		12C3D62A197D2EA5007CD6D6 /* FMResponseFactory.h */ = {isa = PBXFileReference; fileEncoding = 4; lastKnownFileType = sourcecode.c.h; path = FMResponseFactory.h; sourceTree = "<group>"; };
		12C3D62B197D2EA5007CD6D6 /* FMResponseFactory.m */ = {isa = PBXFileReference; fileEncoding = 4; lastKnownFileType = sourcecode.c.objc; path = FMResponseFactory.m; sourceTree = "<group>"; };
		12C3D62D197D31A7007CD6D6 /* FMRequestExecutor.h */ = {isa = PBXFileReference; fileEncoding = 4; lastKnownFileType = sourcecode.c.h; path = FMRequestExecutor.h; sourceTree = "<group>"; };
		12C3D62E197D31A7007CD6D6 /* FMRequestExecutor.m */ = {isa = PBXFileReference; fileEncoding = 4; lastKnownFileType = sourcecode.c.objc; path = FMRequestExecutor.m; sourceTree = "<group>"; };
		30395751194D9BFC00D76121 /* FMUIPlayer.h */ = {isa = PBXFileReference; fileEncoding = 4; lastKnownFileType = sourcecode.c.h; name = FMUIPlayer.h; path = player/FMUIPlayer.h; sourceTree = "<group>"; };
		30395752194D9BFC00D76121 /* FMUIPlayer.m */ = {isa = PBXFileReference; fileEncoding = 4; lastKnownFileType = sourcecode.c.objc; name = FMUIPlayer.m; path = player/FMUIPlayer.m; sourceTree = "<group>"; };
		30395755194D9E6E00D76121 /* FMPlayerViewController.h */ = {isa = PBXFileReference; fileEncoding = 4; lastKnownFileType = sourcecode.c.h; name = FMPlayerViewController.h; path = ui/FMPlayerViewController.h; sourceTree = "<group>"; };
		30395756194D9E6E00D76121 /* FMPlayerViewController.m */ = {isa = PBXFileReference; fileEncoding = 4; lastKnownFileType = sourcecode.c.objc; name = FMPlayerViewController.m; path = ui/FMPlayerViewController.m; sourceTree = "<group>"; };
		30395757194D9E6E00D76121 /* FMPlayerViewController.xib */ = {isa = PBXFileReference; fileEncoding = 4; lastKnownFileType = file.xib; name = FMPlayerViewController.xib; path = ui/FMPlayerViewController.xib; sourceTree = "<group>"; };
		303C5AB01952C2FD00932C66 /* FMTabbarViewController.h */ = {isa = PBXFileReference; fileEncoding = 4; lastKnownFileType = sourcecode.c.h; name = FMTabbarViewController.h; path = ui/FMTabbarViewController.h; sourceTree = "<group>"; };
		303C5AB11952C2FD00932C66 /* FMTabbarViewController.m */ = {isa = PBXFileReference; fileEncoding = 4; lastKnownFileType = sourcecode.c.objc; name = FMTabbarViewController.m; path = ui/FMTabbarViewController.m; sourceTree = "<group>"; };
		303C5AB21952C2FD00932C66 /* FMTabbarViewController.xib */ = {isa = PBXFileReference; fileEncoding = 4; lastKnownFileType = file.xib; name = FMTabbarViewController.xib; path = ui/FMTabbarViewController.xib; sourceTree = "<group>"; };
		303C5AB51952C34900932C66 /* FMChannelViewController.h */ = {isa = PBXFileReference; fileEncoding = 4; lastKnownFileType = sourcecode.c.h; name = FMChannelViewController.h; path = ui/FMChannelViewController.h; sourceTree = "<group>"; };
		303C5AB61952C34900932C66 /* FMChannelViewController.m */ = {isa = PBXFileReference; fileEncoding = 4; lastKnownFileType = sourcecode.c.objc; name = FMChannelViewController.m; path = ui/FMChannelViewController.m; sourceTree = "<group>"; };
		303C5AB71952C34A00932C66 /* FMChannelViewController.xib */ = {isa = PBXFileReference; fileEncoding = 4; lastKnownFileType = file.xib; name = FMChannelViewController.xib; path = ui/FMChannelViewController.xib; sourceTree = "<group>"; };
		303C5ABD1952D14000932C66 /* FMMacros.h */ = {isa = PBXFileReference; lastKnownFileType = sourcecode.c.h; name = FMMacros.h; path = util/FMMacros.h; sourceTree = "<group>"; };
		304B4B611954695F00B24834 /* FMTimeFormateHelper.h */ = {isa = PBXFileReference; fileEncoding = 4; lastKnownFileType = sourcecode.c.h; name = FMTimeFormateHelper.h; path = util/FMTimeFormateHelper.h; sourceTree = "<group>"; };
		304B4B621954695F00B24834 /* FMTimeFormateHelper.m */ = {isa = PBXFileReference; fileEncoding = 4; lastKnownFileType = sourcecode.c.objc; name = FMTimeFormateHelper.m; path = util/FMTimeFormateHelper.m; sourceTree = "<group>"; };
		3083FC1719559ED0006D6FAA /* FMNotifications.h */ = {isa = PBXFileReference; fileEncoding = 4; lastKnownFileType = sourcecode.c.h; name = FMNotifications.h; path = util/FMNotifications.h; sourceTree = "<group>"; };
		3083FC1819559ED0006D6FAA /* FMNotifications.m */ = {isa = PBXFileReference; fileEncoding = 4; lastKnownFileType = sourcecode.c.objc; name = FMNotifications.m; path = util/FMNotifications.m; sourceTree = "<group>"; };
		3083FC1A1955A8E7006D6FAA /* FMUserCenterController.h */ = {isa = PBXFileReference; fileEncoding = 4; lastKnownFileType = sourcecode.c.h; name = FMUserCenterController.h; path = ui/FMUserCenterController.h; sourceTree = "<group>"; };
		3083FC1B1955A8E7006D6FAA /* FMUserCenterController.m */ = {isa = PBXFileReference; fileEncoding = 4; lastKnownFileType = sourcecode.c.objc; name = FMUserCenterController.m; path = ui/FMUserCenterController.m; sourceTree = "<group>"; };
		3083FC1C1955A8E7006D6FAA /* FMUserCenterController.xib */ = {isa = PBXFileReference; fileEncoding = 4; lastKnownFileType = file.xib; name = FMUserCenterController.xib; path = ui/FMUserCenterController.xib; sourceTree = "<group>"; };
		3083FC1F1955AE39006D6FAA /* FMUserCenter.h */ = {isa = PBXFileReference; fileEncoding = 4; lastKnownFileType = sourcecode.c.h; name = FMUserCenter.h; path = entities/FMUserCenter.h; sourceTree = "<group>"; };
		3083FC201955AE39006D6FAA /* FMUserCenter.m */ = {isa = PBXFileReference; fileEncoding = 4; lastKnownFileType = sourcecode.c.objc; name = FMUserCenter.m; path = entities/FMUserCenter.m; sourceTree = "<group>"; };
		30B0F1DF19500CA000AA0763 /* FMUIPlayerDelegate.h */ = {isa = PBXFileReference; lastKnownFileType = sourcecode.c.h; name = FMUIPlayerDelegate.h; path = player/FMUIPlayerDelegate.h; sourceTree = "<group>"; };
		30B5E0201955358300904BB0 /* FMChannelCell.h */ = {isa = PBXFileReference; fileEncoding = 4; lastKnownFileType = sourcecode.c.h; name = FMChannelCell.h; path = ui/FMChannelCell.h; sourceTree = "<group>"; };
		30B5E0211955358300904BB0 /* FMChannelCell.m */ = {isa = PBXFileReference; fileEncoding = 4; lastKnownFileType = sourcecode.c.objc; name = FMChannelCell.m; path = ui/FMChannelCell.m; sourceTree = "<group>"; };
		30B5E0221955358300904BB0 /* FMChannelCell.xib */ = {isa = PBXFileReference; fileEncoding = 4; lastKnownFileType = file.xib; name = FMChannelCell.xib; path = ui/FMChannelCell.xib; sourceTree = "<group>"; };
		30B8CD5C19371E7A002AD29A /* FMApiRequestSongInfo.h */ = {isa = PBXFileReference; fileEncoding = 4; lastKnownFileType = sourcecode.c.h; name = FMApiRequestSongInfo.h; path = request/FMApiRequestSongInfo.h; sourceTree = "<group>"; };
		30B8CD5D19371E7A002AD29A /* FMApiRequestSongInfo.m */ = {isa = PBXFileReference; fileEncoding = 4; lastKnownFileType = sourcecode.c.objc; name = FMApiRequestSongInfo.m; path = request/FMApiRequestSongInfo.m; sourceTree = "<group>"; };
		30C9EB7C1932EFD200AFFA38 /* FMApiRequest.h */ = {isa = PBXFileReference; fileEncoding = 4; lastKnownFileType = sourcecode.c.h; name = FMApiRequest.h; path = request/FMApiRequest.h; sourceTree = "<group>"; };
		30C9EB7D1932EFD200AFFA38 /* FMApiRequest.m */ = {isa = PBXFileReference; fileEncoding = 4; lastKnownFileType = sourcecode.c.objc; name = FMApiRequest.m; path = request/FMApiRequest.m; sourceTree = "<group>"; };
		30C9EB7F1932F28500AFFA38 /* FMApiRequestDelegate.h */ = {isa = PBXFileReference; lastKnownFileType = sourcecode.c.h; name = FMApiRequestDelegate.h; path = request/FMApiRequestDelegate.h; sourceTree = "<group>"; };
		30C9EB811932F2BE00AFFA38 /* FMApiResponse.h */ = {isa = PBXFileReference; fileEncoding = 4; lastKnownFileType = sourcecode.c.h; name = FMApiResponse.h; path = response/FMApiResponse.h; sourceTree = "<group>"; };
		30C9EB821932F2BE00AFFA38 /* FMApiResponse.m */ = {isa = PBXFileReference; fileEncoding = 4; lastKnownFileType = sourcecode.c.objc; name = FMApiResponse.m; path = response/FMApiResponse.m; sourceTree = "<group>"; };
		30C9EB841932FFD500AFFA38 /* FMApiResponseSong.h */ = {isa = PBXFileReference; fileEncoding = 4; lastKnownFileType = sourcecode.c.h; name = FMApiResponseSong.h; path = response/FMApiResponseSong.h; sourceTree = "<group>"; };
		30C9EB851932FFD500AFFA38 /* FMApiResponseSong.m */ = {isa = PBXFileReference; fileEncoding = 4; lastKnownFileType = sourcecode.c.objc; name = FMApiResponseSong.m; path = response/FMApiResponseSong.m; sourceTree = "<group>"; };
		30C9EB871932FFED00AFFA38 /* FMApiResponseUser.h */ = {isa = PBXFileReference; fileEncoding = 4; lastKnownFileType = sourcecode.c.h; name = FMApiResponseUser.h; path = response/FMApiResponseUser.h; sourceTree = "<group>"; };
		30C9EB881932FFED00AFFA38 /* FMApiResponseUser.m */ = {isa = PBXFileReference; fileEncoding = 4; lastKnownFileType = sourcecode.c.objc; name = FMApiResponseUser.m; path = response/FMApiResponseUser.m; sourceTree = "<group>"; };
		30C9EB8A1933000800AFFA38 /* FMApiResponseChannel.h */ = {isa = PBXFileReference; fileEncoding = 4; lastKnownFileType = sourcecode.c.h; name = FMApiResponseChannel.h; path = response/FMApiResponseChannel.h; sourceTree = "<group>"; };
		30C9EB8B1933000800AFFA38 /* FMApiResponseChannel.m */ = {isa = PBXFileReference; fileEncoding = 4; lastKnownFileType = sourcecode.c.objc; name = FMApiResponseChannel.m; path = response/FMApiResponseChannel.m; sourceTree = "<group>"; };
		30C9EB8D1933019300AFFA38 /* FMApiRequestSong.h */ = {isa = PBXFileReference; fileEncoding = 4; lastKnownFileType = sourcecode.c.h; name = FMApiRequestSong.h; path = request/FMApiRequestSong.h; sourceTree = "<group>"; };
		30C9EB8E1933019300AFFA38 /* FMApiRequestSong.m */ = {isa = PBXFileReference; fileEncoding = 4; lastKnownFileType = sourcecode.c.objc; name = FMApiRequestSong.m; path = request/FMApiRequestSong.m; sourceTree = "<group>"; };
		30C9EB90193301AB00AFFA38 /* FMApiRequestUser.h */ = {isa = PBXFileReference; fileEncoding = 4; lastKnownFileType = sourcecode.c.h; name = FMApiRequestUser.h; path = request/FMApiRequestUser.h; sourceTree = "<group>"; };
		30C9EB91193301AB00AFFA38 /* FMApiRequestUser.m */ = {isa = PBXFileReference; fileEncoding = 4; lastKnownFileType = sourcecode.c.objc; name = FMApiRequestUser.m; path = request/FMApiRequestUser.m; sourceTree = "<group>"; };
		30C9EB93193301C900AFFA38 /* FMApiRequestChannel.h */ = {isa = PBXFileReference; fileEncoding = 4; lastKnownFileType = sourcecode.c.h; name = FMApiRequestChannel.h; path = request/FMApiRequestChannel.h; sourceTree = "<group>"; };
		30C9EB94193301C900AFFA38 /* FMApiRequestChannel.m */ = {isa = PBXFileReference; fileEncoding = 4; lastKnownFileType = sourcecode.c.objc; name = FMApiRequestChannel.m; path = request/FMApiRequestChannel.m; sourceTree = "<group>"; };
		30C9EB971933036E00AFFA38 /* FMEntity.h */ = {isa = PBXFileReference; fileEncoding = 4; lastKnownFileType = sourcecode.c.h; name = FMEntity.h; path = entities/FMEntity.h; sourceTree = "<group>"; };
		30C9EB981933036E00AFFA38 /* FMEntity.m */ = {isa = PBXFileReference; fileEncoding = 4; lastKnownFileType = sourcecode.c.objc; name = FMEntity.m; path = entities/FMEntity.m; sourceTree = "<group>"; };
		30C9EB9A1933038300AFFA38 /* FMUser.h */ = {isa = PBXFileReference; fileEncoding = 4; lastKnownFileType = sourcecode.c.h; name = FMUser.h; path = entities/FMUser.h; sourceTree = "<group>"; };
		30C9EB9B1933038300AFFA38 /* FMUser.m */ = {isa = PBXFileReference; fileEncoding = 4; lastKnownFileType = sourcecode.c.objc; name = FMUser.m; path = entities/FMUser.m; sourceTree = "<group>"; };
		30C9EB9D193303B400AFFA38 /* FMSong.h */ = {isa = PBXFileReference; fileEncoding = 4; lastKnownFileType = sourcecode.c.h; name = FMSong.h; path = entities/FMSong.h; sourceTree = "<group>"; };
		30C9EB9E193303B400AFFA38 /* FMSong.m */ = {isa = PBXFileReference; fileEncoding = 4; lastKnownFileType = sourcecode.c.objc; name = FMSong.m; path = entities/FMSong.m; sourceTree = "<group>"; };
		30C9EBA0193303C500AFFA38 /* FMChannel.h */ = {isa = PBXFileReference; fileEncoding = 4; lastKnownFileType = sourcecode.c.h; path = FMChannel.h; sourceTree = "<group>"; };
		30C9EBA1193303C500AFFA38 /* FMChannel.m */ = {isa = PBXFileReference; fileEncoding = 4; lastKnownFileType = sourcecode.c.objc; path = FMChannel.m; sourceTree = "<group>"; };
		30D9B6F819387DA40074BE50 /* FMPlayer.h */ = {isa = PBXFileReference; fileEncoding = 4; lastKnownFileType = sourcecode.c.h; name = FMPlayer.h; path = player/FMPlayer.h; sourceTree = "<group>"; };
		30D9B6F919387DA40074BE50 /* FMPlayer.m */ = {isa = PBXFileReference; fileEncoding = 4; lastKnownFileType = sourcecode.c.objc; name = FMPlayer.m; path = player/FMPlayer.m; sourceTree = "<group>"; };
		30D9B6FB19387DB80074BE50 /* AVFoundation.framework */ = {isa = PBXFileReference; lastKnownFileType = wrapper.framework; name = AVFoundation.framework; path = System/Library/Frameworks/AVFoundation.framework; sourceTree = SDKROOT; };
		30E80DF51931D5BE001E334B /* DoubanFM.app */ = {isa = PBXFileReference; explicitFileType = wrapper.application; includeInIndex = 0; path = DoubanFM.app; sourceTree = BUILT_PRODUCTS_DIR; };
		30E80DF81931D5BE001E334B /* Foundation.framework */ = {isa = PBXFileReference; lastKnownFileType = wrapper.framework; name = Foundation.framework; path = System/Library/Frameworks/Foundation.framework; sourceTree = SDKROOT; };
		30E80DFA1931D5BE001E334B /* CoreGraphics.framework */ = {isa = PBXFileReference; lastKnownFileType = wrapper.framework; name = CoreGraphics.framework; path = System/Library/Frameworks/CoreGraphics.framework; sourceTree = SDKROOT; };
		30E80DFC1931D5BE001E334B /* UIKit.framework */ = {isa = PBXFileReference; lastKnownFileType = wrapper.framework; name = UIKit.framework; path = System/Library/Frameworks/UIKit.framework; sourceTree = SDKROOT; };
		30E80E001931D5BE001E334B /* DoubanFM-Info.plist */ = {isa = PBXFileReference; lastKnownFileType = text.plist.xml; path = "DoubanFM-Info.plist"; sourceTree = "<group>"; };
		30E80E021931D5BE001E334B /* en */ = {isa = PBXFileReference; lastKnownFileType = text.plist.strings; name = en; path = en.lproj/InfoPlist.strings; sourceTree = "<group>"; };
		30E80E041931D5BE001E334B /* main.m */ = {isa = PBXFileReference; lastKnownFileType = sourcecode.c.objc; path = main.m; sourceTree = "<group>"; };
		30E80E061931D5BE001E334B /* DoubanFM-Prefix.pch */ = {isa = PBXFileReference; lastKnownFileType = sourcecode.c.h; path = "DoubanFM-Prefix.pch"; sourceTree = "<group>"; };
		30E80E071931D5BE001E334B /* FMAppDelegate.h */ = {isa = PBXFileReference; lastKnownFileType = sourcecode.c.h; path = FMAppDelegate.h; sourceTree = "<group>"; };
		30E80E081931D5BE001E334B /* FMAppDelegate.m */ = {isa = PBXFileReference; lastKnownFileType = sourcecode.c.objc; path = FMAppDelegate.m; sourceTree = "<group>"; };
		30E80E0A1931D5BE001E334B /* Images.xcassets */ = {isa = PBXFileReference; lastKnownFileType = folder.assetcatalog; path = Images.xcassets; sourceTree = "<group>"; };
		30E80E101931D5BE001E334B /* DoubanFMTests.xctest */ = {isa = PBXFileReference; explicitFileType = wrapper.cfbundle; includeInIndex = 0; path = DoubanFMTests.xctest; sourceTree = BUILT_PRODUCTS_DIR; };
		30E80E111931D5BE001E334B /* XCTest.framework */ = {isa = PBXFileReference; lastKnownFileType = wrapper.framework; name = XCTest.framework; path = Library/Frameworks/XCTest.framework; sourceTree = DEVELOPER_DIR; };
		30E80E191931D5BE001E334B /* DoubanFMTests-Info.plist */ = {isa = PBXFileReference; lastKnownFileType = text.plist.xml; path = "DoubanFMTests-Info.plist"; sourceTree = "<group>"; };
		30E80E1B1931D5BE001E334B /* en */ = {isa = PBXFileReference; lastKnownFileType = text.plist.strings; name = en; path = en.lproj/InfoPlist.strings; sourceTree = "<group>"; };
		30E80E1D1931D5BE001E334B /* DoubanFMTests.m */ = {isa = PBXFileReference; lastKnownFileType = sourcecode.c.objc; path = DoubanFMTests.m; sourceTree = "<group>"; };
		30E80E2D1931D7A9001E334B /* FMHttpClient.h */ = {isa = PBXFileReference; fileEncoding = 4; lastKnownFileType = sourcecode.c.h; name = FMHttpClient.h; path = network/FMHttpClient.h; sourceTree = "<group>"; };
		30E80E2E1931D7A9001E334B /* FMHttpClient.m */ = {isa = PBXFileReference; fileEncoding = 4; lastKnownFileType = sourcecode.c.objc; name = FMHttpClient.m; path = network/FMHttpClient.m; sourceTree = "<group>"; };
		30E80E301931F19B001E334B /* FMHttpClientDelegate.h */ = {isa = PBXFileReference; lastKnownFileType = sourcecode.c.h; name = FMHttpClientDelegate.h; path = network/FMHttpClientDelegate.h; sourceTree = "<group>"; };
/* End PBXFileReference section */

/* Begin PBXFrameworksBuildPhase section */
		30E80DF21931D5BE001E334B /* Frameworks */ = {
			isa = PBXFrameworksBuildPhase;
			buildActionMask = 2147483647;
			files = (
				30D9B6FC19387DB80074BE50 /* AVFoundation.framework in Frameworks */,
				30E80DFB1931D5BE001E334B /* CoreGraphics.framework in Frameworks */,
				30E80DFD1931D5BE001E334B /* UIKit.framework in Frameworks */,
				30E80DF91931D5BE001E334B /* Foundation.framework in Frameworks */,
			);
			runOnlyForDeploymentPostprocessing = 0;
		};
		30E80E0D1931D5BE001E334B /* Frameworks */ = {
			isa = PBXFrameworksBuildPhase;
			buildActionMask = 2147483647;
			files = (
				30E80E121931D5BE001E334B /* XCTest.framework in Frameworks */,
				30E80E141931D5BE001E334B /* UIKit.framework in Frameworks */,
				30E80E131931D5BE001E334B /* Foundation.framework in Frameworks */,
			);
			runOnlyForDeploymentPostprocessing = 0;
		};
/* End PBXFrameworksBuildPhase section */

/* Begin PBXGroup section */
		30395754194D9E1C00D76121 /* ui */ = {
			isa = PBXGroup;
			children = (
				30395755194D9E6E00D76121 /* FMPlayerViewController.h */,
				30395756194D9E6E00D76121 /* FMPlayerViewController.m */,
				30395757194D9E6E00D76121 /* FMPlayerViewController.xib */,
				303C5AB01952C2FD00932C66 /* FMTabbarViewController.h */,
				303C5AB11952C2FD00932C66 /* FMTabbarViewController.m */,
				303C5AB21952C2FD00932C66 /* FMTabbarViewController.xib */,
				303C5AB51952C34900932C66 /* FMChannelViewController.h */,
				303C5AB61952C34900932C66 /* FMChannelViewController.m */,
				303C5AB71952C34A00932C66 /* FMChannelViewController.xib */,
				30B5E0201955358300904BB0 /* FMChannelCell.h */,
				30B5E0211955358300904BB0 /* FMChannelCell.m */,
				30B5E0221955358300904BB0 /* FMChannelCell.xib */,
				3083FC1A1955A8E7006D6FAA /* FMUserCenterController.h */,
				3083FC1B1955A8E7006D6FAA /* FMUserCenterController.m */,
				3083FC1C1955A8E7006D6FAA /* FMUserCenterController.xib */,
			);
			name = ui;
			sourceTree = "<group>";
		};
		30C9EB7B1932EFA400AFFA38 /* request */ = {
			isa = PBXGroup;
			children = (
				30C9EB7C1932EFD200AFFA38 /* FMApiRequest.h */,
				30C9EB7D1932EFD200AFFA38 /* FMApiRequest.m */,
				30C9EB7F1932F28500AFFA38 /* FMApiRequestDelegate.h */,
				30C9EB8D1933019300AFFA38 /* FMApiRequestSong.h */,
				30C9EB8E1933019300AFFA38 /* FMApiRequestSong.m */,
				30B8CD5C19371E7A002AD29A /* FMApiRequestSongInfo.h */,
				30B8CD5D19371E7A002AD29A /* FMApiRequestSongInfo.m */,
				30C9EB90193301AB00AFFA38 /* FMApiRequestUser.h */,
				30C9EB91193301AB00AFFA38 /* FMApiRequestUser.m */,
				30C9EB93193301C900AFFA38 /* FMApiRequestChannel.h */,
				30C9EB94193301C900AFFA38 /* FMApiRequestChannel.m */,
			);
			name = request;
			sourceTree = "<group>";
		};
		30C9EB801932F2A000AFFA38 /* response */ = {
			isa = PBXGroup;
			children = (
				30C9EB811932F2BE00AFFA38 /* FMApiResponse.h */,
				30C9EB821932F2BE00AFFA38 /* FMApiResponse.m */,
				30C9EB841932FFD500AFFA38 /* FMApiResponseSong.h */,
				30C9EB851932FFD500AFFA38 /* FMApiResponseSong.m */,
				30C9EB871932FFED00AFFA38 /* FMApiResponseUser.h */,
				30C9EB881932FFED00AFFA38 /* FMApiResponseUser.m */,
				30C9EB8A1933000800AFFA38 /* FMApiResponseChannel.h */,
				30C9EB8B1933000800AFFA38 /* FMApiResponseChannel.m */,
				12C3D62A197D2EA5007CD6D6 /* FMResponseFactory.h */,
				12C3D62B197D2EA5007CD6D6 /* FMResponseFactory.m */,
			);
			name = response;
			sourceTree = "<group>";
		};
		30C9EB961933032A00AFFA38 /* entities */ = {
			isa = PBXGroup;
			children = (
				30C9EB971933036E00AFFA38 /* FMEntity.h */,
				30C9EB981933036E00AFFA38 /* FMEntity.m */,
				30C9EB9A1933038300AFFA38 /* FMUser.h */,
				30C9EB9B1933038300AFFA38 /* FMUser.m */,
				30C9EB9D193303B400AFFA38 /* FMSong.h */,
				30C9EB9E193303B400AFFA38 /* FMSong.m */,
				30C9EBA0193303C500AFFA38 /* FMChannel.h */,
				30C9EBA1193303C500AFFA38 /* FMChannel.m */,
				3083FC1F1955AE39006D6FAA /* FMUserCenter.h */,
				3083FC201955AE39006D6FAA /* FMUserCenter.m */,
			);
			name = entities;
			sourceTree = "<group>";
		};
		30D9B6F719387C0E0074BE50 /* player */ = {
			isa = PBXGroup;
			children = (
				30D9B6F819387DA40074BE50 /* FMPlayer.h */,
				30D9B6F919387DA40074BE50 /* FMPlayer.m */,
				30395751194D9BFC00D76121 /* FMUIPlayer.h */,
				30395752194D9BFC00D76121 /* FMUIPlayer.m */,
				30B0F1DF19500CA000AA0763 /* FMUIPlayerDelegate.h */,
			);
			name = player;
			sourceTree = "<group>";
		};
		30E80DEC1931D5BE001E334B = {
			isa = PBXGroup;
			children = (
				30E80DFE1931D5BE001E334B /* DoubanFM */,
				30E80E171931D5BE001E334B /* DoubanFMTests */,
				30E80DF71931D5BE001E334B /* Frameworks */,
				30E80DF61931D5BE001E334B /* Products */,
			);
			sourceTree = "<group>";
		};
		30E80DF61931D5BE001E334B /* Products */ = {
			isa = PBXGroup;
			children = (
				30E80DF51931D5BE001E334B /* DoubanFM.app */,
				30E80E101931D5BE001E334B /* DoubanFMTests.xctest */,
			);
			name = Products;
			sourceTree = "<group>";
		};
		30E80DF71931D5BE001E334B /* Frameworks */ = {
			isa = PBXGroup;
			children = (
				30D9B6FB19387DB80074BE50 /* AVFoundation.framework */,
				30E80DF81931D5BE001E334B /* Foundation.framework */,
				30E80DFA1931D5BE001E334B /* CoreGraphics.framework */,
				30E80DFC1931D5BE001E334B /* UIKit.framework */,
				30E80E111931D5BE001E334B /* XCTest.framework */,
			);
			name = Frameworks;
			sourceTree = "<group>";
		};
		30E80DFE1931D5BE001E334B /* DoubanFM */ = {
			isa = PBXGroup;
			children = (
				30395754194D9E1C00D76121 /* ui */,
				30D9B6F719387C0E0074BE50 /* player */,
				30C9EB961933032A00AFFA38 /* entities */,
				30E80E291931D63B001E334B /* util */,
				30E80E271931D61A001E334B /* network */,
				30E80E071931D5BE001E334B /* FMAppDelegate.h */,
				30E80E081931D5BE001E334B /* FMAppDelegate.m */,
				30E80E0A1931D5BE001E334B /* Images.xcassets */,
				30E80DFF1931D5BE001E334B /* Supporting Files */,
			);
			path = DoubanFM;
			sourceTree = "<group>";
		};
		30E80DFF1931D5BE001E334B /* Supporting Files */ = {
			isa = PBXGroup;
			children = (
				30E80E001931D5BE001E334B /* DoubanFM-Info.plist */,
				30E80E011931D5BE001E334B /* InfoPlist.strings */,
				30E80E041931D5BE001E334B /* main.m */,
				30E80E061931D5BE001E334B /* DoubanFM-Prefix.pch */,
			);
			name = "Supporting Files";
			sourceTree = "<group>";
		};
		30E80E171931D5BE001E334B /* DoubanFMTests */ = {
			isa = PBXGroup;
			children = (
				30E80E1D1931D5BE001E334B /* DoubanFMTests.m */,
				30E80E181931D5BE001E334B /* Supporting Files */,
			);
			path = DoubanFMTests;
			sourceTree = "<group>";
		};
		30E80E181931D5BE001E334B /* Supporting Files */ = {
			isa = PBXGroup;
			children = (
				30E80E191931D5BE001E334B /* DoubanFMTests-Info.plist */,
				30E80E1A1931D5BE001E334B /* InfoPlist.strings */,
			);
			name = "Supporting Files";
			sourceTree = "<group>";
		};
		30E80E271931D61A001E334B /* network */ = {
			isa = PBXGroup;
			children = (
				30C9EB7B1932EFA400AFFA38 /* request */,
				30C9EB801932F2A000AFFA38 /* response */,
				30E80E2D1931D7A9001E334B /* FMHttpClient.h */,
				30E80E2E1931D7A9001E334B /* FMHttpClient.m */,
				30E80E301931F19B001E334B /* FMHttpClientDelegate.h */,
				12C3D629197D2B58007CD6D6 /* FMRequestType.h */,
				12C3D62D197D31A7007CD6D6 /* FMRequestExecutor.h */,
				12C3D62E197D31A7007CD6D6 /* FMRequestExecutor.m */,
			);
			name = network;
			sourceTree = "<group>";
		};
		30E80E291931D63B001E334B /* util */ = {
			isa = PBXGroup;
			children = (
				303C5ABD1952D14000932C66 /* FMMacros.h */,
				304B4B611954695F00B24834 /* FMTimeFormateHelper.h */,
				304B4B621954695F00B24834 /* FMTimeFormateHelper.m */,
				3083FC1719559ED0006D6FAA /* FMNotifications.h */,
				3083FC1819559ED0006D6FAA /* FMNotifications.m */,
			);
			name = util;
			sourceTree = "<group>";
		};
/* End PBXGroup section */

/* Begin PBXNativeTarget section */
		30E80DF41931D5BE001E334B /* DoubanFM */ = {
			isa = PBXNativeTarget;
			buildConfigurationList = 30E80E211931D5BE001E334B /* Build configuration list for PBXNativeTarget "DoubanFM" */;
			buildPhases = (
				30E80DF11931D5BE001E334B /* Sources */,
				30E80DF21931D5BE001E334B /* Frameworks */,
				30E80DF31931D5BE001E334B /* Resources */,
			);
			buildRules = (
			);
			dependencies = (
			);
			name = DoubanFM;
			productName = DoubanFM;
			productReference = 30E80DF51931D5BE001E334B /* DoubanFM.app */;
			productType = "com.apple.product-type.application";
		};
		30E80E0F1931D5BE001E334B /* DoubanFMTests */ = {
			isa = PBXNativeTarget;
			buildConfigurationList = 30E80E241931D5BE001E334B /* Build configuration list for PBXNativeTarget "DoubanFMTests" */;
			buildPhases = (
				30E80E0C1931D5BE001E334B /* Sources */,
				30E80E0D1931D5BE001E334B /* Frameworks */,
				30E80E0E1931D5BE001E334B /* Resources */,
			);
			buildRules = (
			);
			dependencies = (
				30E80E161931D5BE001E334B /* PBXTargetDependency */,
			);
			name = DoubanFMTests;
			productName = DoubanFMTests;
			productReference = 30E80E101931D5BE001E334B /* DoubanFMTests.xctest */;
			productType = "com.apple.product-type.bundle.unit-test";
		};
/* End PBXNativeTarget section */

/* Begin PBXProject section */
		30E80DED1931D5BE001E334B /* Project object */ = {
			isa = PBXProject;
			attributes = {
				CLASSPREFIX = FM;
				LastUpgradeCheck = 0510;
				ORGANIZATIONNAME = nirvawolf;
				TargetAttributes = {
					30E80E0F1931D5BE001E334B = {
						TestTargetID = 30E80DF41931D5BE001E334B;
					};
				};
			};
			buildConfigurationList = 30E80DF01931D5BE001E334B /* Build configuration list for PBXProject "DoubanFM" */;
			compatibilityVersion = "Xcode 3.2";
			developmentRegion = English;
			hasScannedForEncodings = 0;
			knownRegions = (
				en,
			);
			mainGroup = 30E80DEC1931D5BE001E334B;
			productRefGroup = 30E80DF61931D5BE001E334B /* Products */;
			projectDirPath = "";
			projectRoot = "";
			targets = (
				30E80DF41931D5BE001E334B /* DoubanFM */,
				30E80E0F1931D5BE001E334B /* DoubanFMTests */,
			);
		};
/* End PBXProject section */

/* Begin PBXResourcesBuildPhase section */
		30E80DF31931D5BE001E334B /* Resources */ = {
			isa = PBXResourcesBuildPhase;
			buildActionMask = 2147483647;
			files = (
				30B5E0241955358300904BB0 /* FMChannelCell.xib in Resources */,
				30E80E031931D5BE001E334B /* InfoPlist.strings in Resources */,
				3083FC1E1955A8E7006D6FAA /* FMUserCenterController.xib in Resources */,
				30395759194D9E6E00D76121 /* FMPlayerViewController.xib in Resources */,
				30E80E0B1931D5BE001E334B /* Images.xcassets in Resources */,
				303C5AB41952C2FD00932C66 /* FMTabbarViewController.xib in Resources */,
				303C5AB91952C34A00932C66 /* FMChannelViewController.xib in Resources */,
			);
			runOnlyForDeploymentPostprocessing = 0;
		};
		30E80E0E1931D5BE001E334B /* Resources */ = {
			isa = PBXResourcesBuildPhase;
			buildActionMask = 2147483647;
			files = (
				30E80E1C1931D5BE001E334B /* InfoPlist.strings in Resources */,
			);
			runOnlyForDeploymentPostprocessing = 0;
		};
/* End PBXResourcesBuildPhase section */

/* Begin PBXSourcesBuildPhase section */
		30E80DF11931D5BE001E334B /* Sources */ = {
			isa = PBXSourcesBuildPhase;
			buildActionMask = 2147483647;
			files = (
				30D9B6FA19387DA40074BE50 /* FMPlayer.m in Sources */,
				30C9EB831932F2BE00AFFA38 /* FMApiResponse.m in Sources */,
				30E80E051931D5BE001E334B /* main.m in Sources */,
				30E80E091931D5BE001E334B /* FMAppDelegate.m in Sources */,
				30C9EB861932FFD500AFFA38 /* FMApiResponseSong.m in Sources */,
				30C9EB9C1933038300AFFA38 /* FMUser.m in Sources */,
				30E80E2F1931D7A9001E334B /* FMHttpClient.m in Sources */,
				3083FC1D1955A8E7006D6FAA /* FMUserCenterController.m in Sources */,
				303C5AB81952C34A00932C66 /* FMChannelViewController.m in Sources */,
				30395753194D9BFC00D76121 /* FMUIPlayer.m in Sources */,
				3083FC1919559ED0006D6FAA /* FMNotifications.m in Sources */,
				30C9EB891932FFED00AFFA38 /* FMApiResponseUser.m in Sources */,
				3083FC211955AE39006D6FAA /* FMUserCenter.m in Sources */,
				12C3D62F197D31A7007CD6D6 /* FMRequestExecutor.m in Sources */,
				30C9EB9F193303B400AFFA38 /* FMSong.m in Sources */,
				12C3D62C197D2EA5007CD6D6 /* FMResponseFactory.m in Sources */,
				30C9EBA2193303C500AFFA38 /* FMChannel.m in Sources */,
				304B4B631954695F00B24834 /* FMTimeFormateHelper.m in Sources */,
				30C9EB95193301C900AFFA38 /* FMApiRequestChannel.m in Sources */,
				30B8CD5E19371E7A002AD29A /* FMApiRequestSongInfo.m in Sources */,
				30C9EB92193301AB00AFFA38 /* FMApiRequestUser.m in Sources */,
				30C9EB8F1933019300AFFA38 /* FMApiRequestSong.m in Sources */,
				30C9EB991933036E00AFFA38 /* FMEntity.m in Sources */,
				30C9EB8C1933000800AFFA38 /* FMApiResponseChannel.m in Sources */,
				30395758194D9E6E00D76121 /* FMPlayerViewController.m in Sources */,
				30C9EB7E1932EFD200AFFA38 /* FMApiRequest.m in Sources */,
				303C5AB31952C2FD00932C66 /* FMTabbarViewController.m in Sources */,
				30B5E0231955358300904BB0 /* FMChannelCell.m in Sources */,
			);
			runOnlyForDeploymentPostprocessing = 0;
		};
		30E80E0C1931D5BE001E334B /* Sources */ = {
			isa = PBXSourcesBuildPhase;
			buildActionMask = 2147483647;
			files = (
				30E80E1E1931D5BE001E334B /* DoubanFMTests.m in Sources */,
			);
			runOnlyForDeploymentPostprocessing = 0;
		};
/* End PBXSourcesBuildPhase section */

/* Begin PBXTargetDependency section */
		30E80E161931D5BE001E334B /* PBXTargetDependency */ = {
			isa = PBXTargetDependency;
			target = 30E80DF41931D5BE001E334B /* DoubanFM */;
			targetProxy = 30E80E151931D5BE001E334B /* PBXContainerItemProxy */;
		};
/* End PBXTargetDependency section */

/* Begin PBXVariantGroup section */
		30E80E011931D5BE001E334B /* InfoPlist.strings */ = {
			isa = PBXVariantGroup;
			children = (
				30E80E021931D5BE001E334B /* en */,
			);
			name = InfoPlist.strings;
			sourceTree = "<group>";
		};
		30E80E1A1931D5BE001E334B /* InfoPlist.strings */ = {
			isa = PBXVariantGroup;
			children = (
				30E80E1B1931D5BE001E334B /* en */,
			);
			name = InfoPlist.strings;
			sourceTree = "<group>";
		};
/* End PBXVariantGroup section */

/* Begin XCBuildConfiguration section */
		30E80E1F1931D5BE001E334B /* Debug */ = {
			isa = XCBuildConfiguration;
			buildSettings = {
				ALWAYS_SEARCH_USER_PATHS = NO;
				CLANG_CXX_LANGUAGE_STANDARD = "gnu++0x";
				CLANG_CXX_LIBRARY = "libc++";
				CLANG_ENABLE_MODULES = YES;
				CLANG_ENABLE_OBJC_ARC = YES;
				CLANG_WARN_BOOL_CONVERSION = YES;
				CLANG_WARN_CONSTANT_CONVERSION = YES;
				CLANG_WARN_DIRECT_OBJC_ISA_USAGE = YES_ERROR;
				CLANG_WARN_EMPTY_BODY = YES;
				CLANG_WARN_ENUM_CONVERSION = YES;
				CLANG_WARN_INT_CONVERSION = YES;
				CLANG_WARN_OBJC_ROOT_CLASS = YES_ERROR;
				CLANG_WARN__DUPLICATE_METHOD_MATCH = YES;
				CODE_SIGN_IDENTITY = "iPhone Developer: Li Yulong (WUXMB9ZMPQ)";
				"CODE_SIGN_IDENTITY[sdk=iphoneos*]" = "iPhone Developer: Li Yulong (WUXMB9ZMPQ)";
				COPY_PHASE_STRIP = NO;
				GCC_C_LANGUAGE_STANDARD = gnu99;
				GCC_DYNAMIC_NO_PIC = NO;
				GCC_OPTIMIZATION_LEVEL = 0;
				GCC_PREPROCESSOR_DEFINITIONS = (
					"DEBUG=1",
					"$(inherited)",
				);
				GCC_SYMBOLS_PRIVATE_EXTERN = NO;
				GCC_WARN_64_TO_32_BIT_CONVERSION = YES;
				GCC_WARN_ABOUT_RETURN_TYPE = YES_ERROR;
				GCC_WARN_UNDECLARED_SELECTOR = YES;
				GCC_WARN_UNINITIALIZED_AUTOS = YES_AGGRESSIVE;
				GCC_WARN_UNUSED_FUNCTION = YES;
				GCC_WARN_UNUSED_VARIABLE = YES;
				IPHONEOS_DEPLOYMENT_TARGET = 7.1;
				ONLY_ACTIVE_ARCH = YES;
				SDKROOT = iphoneos;
			};
			name = Debug;
		};
		30E80E201931D5BE001E334B /* Release */ = {
			isa = XCBuildConfiguration;
			buildSettings = {
				ALWAYS_SEARCH_USER_PATHS = NO;
				CLANG_CXX_LANGUAGE_STANDARD = "gnu++0x";
				CLANG_CXX_LIBRARY = "libc++";
				CLANG_ENABLE_MODULES = YES;
				CLANG_ENABLE_OBJC_ARC = YES;
				CLANG_WARN_BOOL_CONVERSION = YES;
				CLANG_WARN_CONSTANT_CONVERSION = YES;
				CLANG_WARN_DIRECT_OBJC_ISA_USAGE = YES_ERROR;
				CLANG_WARN_EMPTY_BODY = YES;
				CLANG_WARN_ENUM_CONVERSION = YES;
				CLANG_WARN_INT_CONVERSION = YES;
				CLANG_WARN_OBJC_ROOT_CLASS = YES_ERROR;
				CLANG_WARN__DUPLICATE_METHOD_MATCH = YES;
				CODE_SIGN_IDENTITY = "iPhone Developer: Li Yulong (WUXMB9ZMPQ)";
				"CODE_SIGN_IDENTITY[sdk=iphoneos*]" = "iPhone Developer: Li Yulong (WUXMB9ZMPQ)";
				COPY_PHASE_STRIP = YES;
				ENABLE_NS_ASSERTIONS = NO;
				GCC_C_LANGUAGE_STANDARD = gnu99;
				GCC_WARN_64_TO_32_BIT_CONVERSION = YES;
				GCC_WARN_ABOUT_RETURN_TYPE = YES_ERROR;
				GCC_WARN_UNDECLARED_SELECTOR = YES;
				GCC_WARN_UNINITIALIZED_AUTOS = YES_AGGRESSIVE;
				GCC_WARN_UNUSED_FUNCTION = YES;
				GCC_WARN_UNUSED_VARIABLE = YES;
				IPHONEOS_DEPLOYMENT_TARGET = 7.1;
				SDKROOT = iphoneos;
				VALIDATE_PRODUCT = YES;
			};
			name = Release;
		};
		30E80E221931D5BE001E334B /* Debug */ = {
			isa = XCBuildConfiguration;
			buildSettings = {
				ASSETCATALOG_COMPILER_APPICON_NAME = AppIcon;
				ASSETCATALOG_COMPILER_LAUNCHIMAGE_NAME = LaunchImage;
				CLANG_ENABLE_OBJC_ARC = NO;
				CODE_SIGN_IDENTITY = "iPhone Developer: Li Yulong (WUXMB9ZMPQ)";
				GCC_PRECOMPILE_PREFIX_HEADER = YES;
				GCC_PREFIX_HEADER = "DoubanFM/DoubanFM-Prefix.pch";
				INFOPLIST_FILE = "DoubanFM/DoubanFM-Info.plist";
				PRODUCT_NAME = "$(TARGET_NAME)";
				TARGETED_DEVICE_FAMILY = 1;
				WRAPPER_EXTENSION = app;
			};
			name = Debug;
		};
		30E80E231931D5BE001E334B /* Release */ = {
			isa = XCBuildConfiguration;
			buildSettings = {
				ASSETCATALOG_COMPILER_APPICON_NAME = AppIcon;
				ASSETCATALOG_COMPILER_LAUNCHIMAGE_NAME = LaunchImage;
				CLANG_ENABLE_OBJC_ARC = NO;
				GCC_PRECOMPILE_PREFIX_HEADER = YES;
				GCC_PREFIX_HEADER = "DoubanFM/DoubanFM-Prefix.pch";
				INFOPLIST_FILE = "DoubanFM/DoubanFM-Info.plist";
				PRODUCT_NAME = "$(TARGET_NAME)";
				TARGETED_DEVICE_FAMILY = 1;
				WRAPPER_EXTENSION = app;
			};
			name = Release;
		};
		30E80E251931D5BE001E334B /* Debug */ = {
			isa = XCBuildConfiguration;
			buildSettings = {
				BUNDLE_LOADER = "$(BUILT_PRODUCTS_DIR)/DoubanFM.app/DoubanFM";
				FRAMEWORK_SEARCH_PATHS = (
					"$(SDKROOT)/Developer/Library/Frameworks",
					"$(inherited)",
					"$(DEVELOPER_FRAMEWORKS_DIR)",
				);
				GCC_PRECOMPILE_PREFIX_HEADER = YES;
				GCC_PREFIX_HEADER = "DoubanFM/DoubanFM-Prefix.pch";
				GCC_PREPROCESSOR_DEFINITIONS = (
					"DEBUG=1",
					"$(inherited)",
				);
				INFOPLIST_FILE = "DoubanFMTests/DoubanFMTests-Info.plist";
				PRODUCT_NAME = "$(TARGET_NAME)";
				TEST_HOST = "$(BUNDLE_LOADER)";
				WRAPPER_EXTENSION = xctest;
			};
			name = Debug;
		};
		30E80E261931D5BE001E334B /* Release */ = {
			isa = XCBuildConfiguration;
			buildSettings = {
				BUNDLE_LOADER = "$(BUILT_PRODUCTS_DIR)/DoubanFM.app/DoubanFM";
				FRAMEWORK_SEARCH_PATHS = (
					"$(SDKROOT)/Developer/Library/Frameworks",
					"$(inherited)",
					"$(DEVELOPER_FRAMEWORKS_DIR)",
				);
				GCC_PRECOMPILE_PREFIX_HEADER = YES;
				GCC_PREFIX_HEADER = "DoubanFM/DoubanFM-Prefix.pch";
				INFOPLIST_FILE = "DoubanFMTests/DoubanFMTests-Info.plist";
				PRODUCT_NAME = "$(TARGET_NAME)";
				TEST_HOST = "$(BUNDLE_LOADER)";
				WRAPPER_EXTENSION = xctest;
			};
			name = Release;
		};
/* End XCBuildConfiguration section */

/* Begin XCConfigurationList section */
		30E80DF01931D5BE001E334B /* Build configuration list for PBXProject "DoubanFM" */ = {
			isa = XCConfigurationList;
			buildConfigurations = (
				30E80E1F1931D5BE001E334B /* Debug */,
				30E80E201931D5BE001E334B /* Release */,
			);
			defaultConfigurationIsVisible = 0;
			defaultConfigurationName = Release;
		};
		30E80E211931D5BE001E334B /* Build configuration list for PBXNativeTarget "DoubanFM" */ = {
			isa = XCConfigurationList;
			buildConfigurations = (
				30E80E221931D5BE001E334B /* Debug */,
				30E80E231931D5BE001E334B /* Release */,
			);
			defaultConfigurationIsVisible = 0;
			defaultConfigurationName = Release;
		};
		30E80E241931D5BE001E334B /* Build configuration list for PBXNativeTarget "DoubanFMTests" */ = {
			isa = XCConfigurationList;
			buildConfigurations = (
				30E80E251931D5BE001E334B /* Debug */,
				30E80E261931D5BE001E334B /* Release */,
			);
			defaultConfigurationIsVisible = 0;
			defaultConfigurationName = Release;
		};
/* End XCConfigurationList section */
	};
	rootObject = 30E80DED1931D5BE001E334B /* Project object */;
}
